
Microsoft Visual Studio Solution File, Format Version 12.00
# Visual Studio Version 16
VisualStudioVersion = 16.0.31321.278
MinimumVisualStudioVersion = 10.0.40219.1
Project("{FAE04EC0-301F-11D3-BF4B-00C04F79EFBC}") = "BookCrossingService", "BookCrossingService\BookCrossingService.csproj", "{14F9F003-F241-438C-BD50-B2124DC7F70A}"
EndProject
Project("{2150E333-8FDC-42A3-9474-1A3956D46DE8}") = "Solution Items", "Solution Items", "{FA9C2A39-4D2C-42AE-A6B2-42ABA5EB28C0}"
	ProjectSection(SolutionItems) = preProject
		.gitignore = .gitignore
		LICENSE = LICENSE
		README.md = README.md
	EndProjectSection
EndProject
Global
	GlobalSection(SolutionConfigurationPlatforms) = preSolution
		Debug|Any CPU = Debug|Any CPU
		Release|Any CPU = Release|Any CPU
	EndGlobalSection
	GlobalSection(ProjectConfigurationPlatforms) = postSolution
		{14F9F003-F241-438C-BD50-B2124DC7F70A}.Debug|Any CPU.ActiveCfg = Debug|Any CPU
		{14F9F003-F241-438C-BD50-B2124DC7F70A}.Debug|Any CPU.Build.0 = Debug|Any CPU
		{14F9F003-F241-438C-BD50-B2124DC7F70A}.Release|Any CPU.ActiveCfg = Release|Any CPU
		{14F9F003-F241-438C-BD50-B2124DC7F70A}.Release|Any CPU.Build.0 = Release|Any CPU
	EndGlobalSection
	GlobalSection(SolutionProperties) = preSolution
		HideSolutionNode = FALSE
	EndGlobalSection
	GlobalSection(ExtensibilityGlobals) = postSolution
		SolutionGuid = {9AE26E04-A007-48BB-BB96-1D628E699F80}
	EndGlobalSection
EndGlobal
