
Microsoft Visual Studio Solution File, Format Version 12.00
# Visual Studio Version 16
VisualStudioVersion = 16.0.31702.278
MinimumVisualStudioVersion = 10.0.40219.1
Project("{FAE04EC0-301F-11D3-BF4B-00C04F79EFBC}") = "ConsoleApp1", "ConsoleApp1.csproj", "{C8F9FBA7-3A96-4679-8D4B-42ECF232EE00}"
EndProject
Global
	GlobalSection(SolutionConfigurationPlatforms) = preSolution
		Debug|Any CPU = Debug|Any CPU
		Release|Any CPU = Release|Any CPU
	EndGlobalSection
	GlobalSection(ProjectConfigurationPlatforms) = postSolution
		{C8F9FBA7-3A96-4679-8D4B-42ECF232EE00}.Debug|Any CPU.ActiveCfg = Debug|Any CPU
		{C8F9FBA7-3A96-4679-8D4B-42ECF232EE00}.Debug|Any CPU.Build.0 = Debug|Any CPU
		{C8F9FBA7-3A96-4679-8D4B-42ECF232EE00}.Release|Any CPU.ActiveCfg = Release|Any CPU
		{C8F9FBA7-3A96-4679-8D4B-42ECF232EE00}.Release|Any CPU.Build.0 = Release|Any CPU
	EndGlobalSection
	GlobalSection(SolutionProperties) = preSolution
		HideSolutionNode = FALSE
	EndGlobalSection
	GlobalSection(ExtensibilityGlobals) = postSolution
		SolutionGuid = {A5669E51-FE4F-41C3-8714-6A144C9D440A}
	EndGlobalSection
EndGlobal
